
Microsoft Visual Studio Solution File, Format Version 12.00
# Visual Studio Version 17
VisualStudioVersion = 17.1.32228.430
MinimumVisualStudioVersion = 10.0.40219.1
Project("{FAE04EC0-301F-11D3-BF4B-00C04F79EFBC}") = "Practica_Metodos_video_12", "Practica_Metodos_video_12\Practica_Metodos_video_12.csproj", "{D83908EB-CD06-4A09-A179-E83B4C08F9EA}"
EndProject
Global
	GlobalSection(SolutionConfigurationPlatforms) = preSolution
		Debug|Any CPU = Debug|Any CPU
		Release|Any CPU = Release|Any CPU
	EndGlobalSection
	GlobalSection(ProjectConfigurationPlatforms) = postSolution
		{D83908EB-CD06-4A09-A179-E83B4C08F9EA}.Debug|Any CPU.ActiveCfg = Debug|Any CPU
		{D83908EB-CD06-4A09-A179-E83B4C08F9EA}.Debug|Any CPU.Build.0 = Debug|Any CPU
		{D83908EB-CD06-4A09-A179-E83B4C08F9EA}.Release|Any CPU.ActiveCfg = Release|Any CPU
		{D83908EB-CD06-4A09-A179-E83B4C08F9EA}.Release|Any CPU.Build.0 = Release|Any CPU
	EndGlobalSection
	GlobalSection(SolutionProperties) = preSolution
		HideSolutionNode = FALSE
	EndGlobalSection
	GlobalSection(ExtensibilityGlobals) = postSolution
		SolutionGuid = {99FB4CD6-8CB6-45B6-970C-D78FB6F00D34}
	EndGlobalSection
EndGlobal
